
Microsoft Visual Studio Solution File, Format Version 12.00
# Visual Studio Version 16
VisualStudioVersion = 16.0.32126.315
MinimumVisualStudioVersion = 10.0.40219.1
Project("{888888A0-9F3D-457C-B088-3A5042F75D52}") = "Lista Enlazada", "Lista Enlazada.pyproj", "{BA8BA02A-E88A-4D0E-8AA1-664415F443D1}"
EndProject
Global
	GlobalSection(SolutionConfigurationPlatforms) = preSolution
		Debug|Any CPU = Debug|Any CPU
		Release|Any CPU = Release|Any CPU
	EndGlobalSection
	GlobalSection(ProjectConfigurationPlatforms) = postSolution
		{BA8BA02A-E88A-4D0E-8AA1-664415F443D1}.Debug|Any CPU.ActiveCfg = Debug|Any CPU
		{BA8BA02A-E88A-4D0E-8AA1-664415F443D1}.Release|Any CPU.ActiveCfg = Release|Any CPU
	EndGlobalSection
	GlobalSection(SolutionProperties) = preSolution
		HideSolutionNode = FALSE
	EndGlobalSection
	GlobalSection(ExtensibilityGlobals) = postSolution
		SolutionGuid = {F880AA3A-9B34-4922-B422-F86A3D1A1961}
	EndGlobalSection
EndGlobal
